
Microsoft Visual Studio Solution File, Format Version 12.00
# Visual Studio Version 17
VisualStudioVersion = 17.6.33723.286
MinimumVisualStudioVersion = 10.0.40219.1
Project("{9A19103F-16F7-4668-BE54-9A1E7A4F7556}") = "ChiragGupta_FullStackAssignment", "PremisesCompanyUser_ForAastha\ChiragGupta_FullStackAssignment.csproj", "{C1A29BAD-4E2F-4A11-A68D-7F35C33DB325}"
EndProject
Global
	GlobalSection(SolutionConfigurationPlatforms) = preSolution
		Debug|Any CPU = Debug|Any CPU
		Release|Any CPU = Release|Any CPU
	EndGlobalSection
	GlobalSection(ProjectConfigurationPlatforms) = postSolution
		{C1A29BAD-4E2F-4A11-A68D-7F35C33DB325}.Debug|Any CPU.ActiveCfg = Debug|Any CPU
		{C1A29BAD-4E2F-4A11-A68D-7F35C33DB325}.Debug|Any CPU.Build.0 = Debug|Any CPU
		{C1A29BAD-4E2F-4A11-A68D-7F35C33DB325}.Release|Any CPU.ActiveCfg = Release|Any CPU
		{C1A29BAD-4E2F-4A11-A68D-7F35C33DB325}.Release|Any CPU.Build.0 = Release|Any CPU
	EndGlobalSection
	GlobalSection(SolutionProperties) = preSolution
		HideSolutionNode = FALSE
	EndGlobalSection
	GlobalSection(ExtensibilityGlobals) = postSolution
		SolutionGuid = {C8FDD8D5-FBDE-44C7-AFBC-DAC6A1F1A735}
	EndGlobalSection
EndGlobal
